
Microsoft Visual Studio Solution File, Format Version 12.00
Project("{FAE04EC0-301F-11D3-BF4B-00C04F79EFBC}") = "Esportify", "Esportify\Esportify\Esportify.csproj", "{471A8BFF-5241-4080-BF07-EF8D2994806D}"
EndProject
Project("{FAE04EC0-301F-11D3-BF4B-00C04F79EFBC}") = "Esportify.Client", "Esportify\Esportify.Client\Esportify.Client.csproj", "{788BE37C-5A2A-436E-84F4-96ACABCA031D}"
EndProject
Global
	GlobalSection(SolutionConfigurationPlatforms) = preSolution
		Debug|Any CPU = Debug|Any CPU
		Release|Any CPU = Release|Any CPU
	EndGlobalSection
	GlobalSection(ProjectConfigurationPlatforms) = postSolution
		{471A8BFF-5241-4080-BF07-EF8D2994806D}.Debug|Any CPU.ActiveCfg = Debug|Any CPU
		{471A8BFF-5241-4080-BF07-EF8D2994806D}.Debug|Any CPU.Build.0 = Debug|Any CPU
		{471A8BFF-5241-4080-BF07-EF8D2994806D}.Release|Any CPU.ActiveCfg = Release|Any CPU
		{471A8BFF-5241-4080-BF07-EF8D2994806D}.Release|Any CPU.Build.0 = Release|Any CPU
		{788BE37C-5A2A-436E-84F4-96ACABCA031D}.Debug|Any CPU.ActiveCfg = Debug|Any CPU
		{788BE37C-5A2A-436E-84F4-96ACABCA031D}.Debug|Any CPU.Build.0 = Debug|Any CPU
		{788BE37C-5A2A-436E-84F4-96ACABCA031D}.Release|Any CPU.ActiveCfg = Release|Any CPU
		{788BE37C-5A2A-436E-84F4-96ACABCA031D}.Release|Any CPU.Build.0 = Release|Any CPU
	EndGlobalSection
EndGlobal
